
Microsoft Visual Studio Solution File, Format Version 12.00
# Visual Studio Version 17
VisualStudioVersion = 17.0.32126.317
MinimumVisualStudioVersion = 10.0.40219.1
Project("{FAE04EC0-301F-11D3-BF4B-00C04F79EFBC}") = "ConsoleApp3", "ConsoleApp3\ConsoleApp3.csproj", "{0838FA2B-BA23-4F27-BD3E-6602E684EA7F}"
EndProject
Global
	GlobalSection(SolutionConfigurationPlatforms) = preSolution
		Debug|Any CPU = Debug|Any CPU
		Release|Any CPU = Release|Any CPU
	EndGlobalSection
	GlobalSection(ProjectConfigurationPlatforms) = postSolution
		{0838FA2B-BA23-4F27-BD3E-6602E684EA7F}.Debug|Any CPU.ActiveCfg = Debug|Any CPU
		{0838FA2B-BA23-4F27-BD3E-6602E684EA7F}.Debug|Any CPU.Build.0 = Debug|Any CPU
		{0838FA2B-BA23-4F27-BD3E-6602E684EA7F}.Release|Any CPU.ActiveCfg = Release|Any CPU
		{0838FA2B-BA23-4F27-BD3E-6602E684EA7F}.Release|Any CPU.Build.0 = Release|Any CPU
	EndGlobalSection
	GlobalSection(SolutionProperties) = preSolution
		HideSolutionNode = FALSE
	EndGlobalSection
	GlobalSection(ExtensibilityGlobals) = postSolution
		SolutionGuid = {F258BFA4-2800-429C-A66A-4E31E97B440B}
	EndGlobalSection
EndGlobal
